
Microsoft Visual Studio Solution File, Format Version 12.00
# Visual Studio Version 17
VisualStudioVersion = 17.3.32929.385
MinimumVisualStudioVersion = 10.0.40219.1
Project("{FAE04EC0-301F-11D3-BF4B-00C04F79EFBC}") = "web_project", "web_project\web_project.csproj", "{41B8E22E-1CF7-4EAA-B888-0651CFA2EAC2}"
EndProject
Global
	GlobalSection(SolutionConfigurationPlatforms) = preSolution
		Debug|Any CPU = Debug|Any CPU
		Release|Any CPU = Release|Any CPU
	EndGlobalSection
	GlobalSection(ProjectConfigurationPlatforms) = postSolution
		{41B8E22E-1CF7-4EAA-B888-0651CFA2EAC2}.Debug|Any CPU.ActiveCfg = Debug|Any CPU
		{41B8E22E-1CF7-4EAA-B888-0651CFA2EAC2}.Debug|Any CPU.Build.0 = Debug|Any CPU
		{41B8E22E-1CF7-4EAA-B888-0651CFA2EAC2}.Release|Any CPU.ActiveCfg = Release|Any CPU
		{41B8E22E-1CF7-4EAA-B888-0651CFA2EAC2}.Release|Any CPU.Build.0 = Release|Any CPU
	EndGlobalSection
	GlobalSection(SolutionProperties) = preSolution
		HideSolutionNode = FALSE
	EndGlobalSection
	GlobalSection(ExtensibilityGlobals) = postSolution
		SolutionGuid = {6211D963-CDD6-4CD8-B200-76C50B67F183}
	EndGlobalSection
EndGlobal
